
Microsoft Visual Studio Solution File, Format Version 12.00
# Visual Studio 15
VisualStudioVersion = 15.0.28010.2046
MinimumVisualStudioVersion = 10.0.40219.1
Project("{FAE04EC0-301F-11D3-BF4B-00C04F79EFBC}") = "Exercicio145Exception", "Exercicio145Exception\Exercicio145Exception.csproj", "{49776D8F-D841-4411-90C1-74FF05085BBE}"
EndProject
Global
	GlobalSection(SolutionConfigurationPlatforms) = preSolution
		Debug|Any CPU = Debug|Any CPU
		Release|Any CPU = Release|Any CPU
	EndGlobalSection
	GlobalSection(ProjectConfigurationPlatforms) = postSolution
		{49776D8F-D841-4411-90C1-74FF05085BBE}.Debug|Any CPU.ActiveCfg = Debug|Any CPU
		{49776D8F-D841-4411-90C1-74FF05085BBE}.Debug|Any CPU.Build.0 = Debug|Any CPU
		{49776D8F-D841-4411-90C1-74FF05085BBE}.Release|Any CPU.ActiveCfg = Release|Any CPU
		{49776D8F-D841-4411-90C1-74FF05085BBE}.Release|Any CPU.Build.0 = Release|Any CPU
	EndGlobalSection
	GlobalSection(SolutionProperties) = preSolution
		HideSolutionNode = FALSE
	EndGlobalSection
	GlobalSection(ExtensibilityGlobals) = postSolution
		SolutionGuid = {64113B73-C811-4D8F-9F84-CEA8C36592AD}
	EndGlobalSection
EndGlobal
